
Microsoft Visual Studio Solution File, Format Version 12.00
# Visual Studio Version 17
VisualStudioVersion = 17.14.37301.10 d17.14
MinimumVisualStudioVersion = 10.0.40219.1
Project("{FAE04EC0-301F-11D3-BF4B-00C04F79EFBC}") = "bai2", "bai2\bai2.csproj", "{66E8DD0B-F223-4CBD-BAC0-785B21A0886C}"
EndProject
Global
	GlobalSection(SolutionConfigurationPlatforms) = preSolution
		Debug|Any CPU = Debug|Any CPU
		Release|Any CPU = Release|Any CPU
	EndGlobalSection
	GlobalSection(ProjectConfigurationPlatforms) = postSolution
		{66E8DD0B-F223-4CBD-BAC0-785B21A0886C}.Debug|Any CPU.ActiveCfg = Debug|Any CPU
		{66E8DD0B-F223-4CBD-BAC0-785B21A0886C}.Debug|Any CPU.Build.0 = Debug|Any CPU
		{66E8DD0B-F223-4CBD-BAC0-785B21A0886C}.Release|Any CPU.ActiveCfg = Release|Any CPU
		{66E8DD0B-F223-4CBD-BAC0-785B21A0886C}.Release|Any CPU.Build.0 = Release|Any CPU
	EndGlobalSection
	GlobalSection(SolutionProperties) = preSolution
		HideSolutionNode = FALSE
	EndGlobalSection
	GlobalSection(ExtensibilityGlobals) = postSolution
		SolutionGuid = {44C4C243-47D1-435E-9325-102C90B54F26}
	EndGlobalSection
EndGlobal
